{
  "R": {
    "Version": "4.2.3",
    "Repositories": [
      {
        "Name": "RSPM",
        "URL": "https://colorado.rstudio.com/rspm/all/2022-09-29+Y3JhbiwxMDo1MzA5LDk6MTE1MDU5MDU7NjZFM0IyNA"
      }
    ]
  },
  "Packages": {
    "renv": {
      "Package": "renv",
      "Version": "0.15.5",
      "Source": "Repository",
      "Repository": "RSPM",
      "Hash": "6a38294e7d12f5d8e656b08c5bd8ae34",
      "Requirements": []
    }
  }
}
